
Microsoft Visual Studio Solution File, Format Version 12.00
# Visual Studio Version 17
VisualStudioVersion = 17.14.36603.0 d17.14
MinimumVisualStudioVersion = 10.0.40219.1
Project("{FAE04EC0-301F-11D3-BF4B-00C04F79EFBC}") = "TadaWy.API", "TadaWy.API\TadaWy.API.csproj", "{70DCF5D0-64A2-4C9C-93F6-C4F0B727AA20}"
EndProject
Project("{FAE04EC0-301F-11D3-BF4B-00C04F79EFBC}") = "TadaWy.Applicaation", "TadaWy.Applicaation\TadaWy.Applicaation.csproj", "{63B92949-CAE7-49D5-A591-7F3336E147D9}"
EndProject
Project("{FAE04EC0-301F-11D3-BF4B-00C04F79EFBC}") = "TadaWy.Infrastructure", "TadaWy.Infrastructure\TadaWy.Infrastructure.csproj", "{F5A887C8-1C44-4A70-B903-99E7427388C0}"
EndProject
Project("{FAE04EC0-301F-11D3-BF4B-00C04F79EFBC}") = "TadaWy.Domain", "TadaWy.Domain\TadaWy.Domain.csproj", "{3D32909A-BEBF-443E-B188-988D312AE71F}"
EndProject
Global
	GlobalSection(SolutionConfigurationPlatforms) = preSolution
		Debug|Any CPU = Debug|Any CPU
		Release|Any CPU = Release|Any CPU
	EndGlobalSection
	GlobalSection(ProjectConfigurationPlatforms) = postSolution
		{70DCF5D0-64A2-4C9C-93F6-C4F0B727AA20}.Debug|Any CPU.ActiveCfg = Debug|Any CPU
		{70DCF5D0-64A2-4C9C-93F6-C4F0B727AA20}.Debug|Any CPU.Build.0 = Debug|Any CPU
		{70DCF5D0-64A2-4C9C-93F6-C4F0B727AA20}.Release|Any CPU.ActiveCfg = Release|Any CPU
		{70DCF5D0-64A2-4C9C-93F6-C4F0B727AA20}.Release|Any CPU.Build.0 = Release|Any CPU
		{63B92949-CAE7-49D5-A591-7F3336E147D9}.Debug|Any CPU.ActiveCfg = Debug|Any CPU
		{63B92949-CAE7-49D5-A591-7F3336E147D9}.Debug|Any CPU.Build.0 = Debug|Any CPU
		{63B92949-CAE7-49D5-A591-7F3336E147D9}.Release|Any CPU.ActiveCfg = Release|Any CPU
		{63B92949-CAE7-49D5-A591-7F3336E147D9}.Release|Any CPU.Build.0 = Release|Any CPU
		{F5A887C8-1C44-4A70-B903-99E7427388C0}.Debug|Any CPU.ActiveCfg = Debug|Any CPU
		{F5A887C8-1C44-4A70-B903-99E7427388C0}.Debug|Any CPU.Build.0 = Debug|Any CPU
		{F5A887C8-1C44-4A70-B903-99E7427388C0}.Release|Any CPU.ActiveCfg = Release|Any CPU
		{F5A887C8-1C44-4A70-B903-99E7427388C0}.Release|Any CPU.Build.0 = Release|Any CPU
		{3D32909A-BEBF-443E-B188-988D312AE71F}.Debug|Any CPU.ActiveCfg = Debug|Any CPU
		{3D32909A-BEBF-443E-B188-988D312AE71F}.Debug|Any CPU.Build.0 = Debug|Any CPU
		{3D32909A-BEBF-443E-B188-988D312AE71F}.Release|Any CPU.ActiveCfg = Release|Any CPU
		{3D32909A-BEBF-443E-B188-988D312AE71F}.Release|Any CPU.Build.0 = Release|Any CPU
	EndGlobalSection
	GlobalSection(SolutionProperties) = preSolution
		HideSolutionNode = FALSE
	EndGlobalSection
	GlobalSection(ExtensibilityGlobals) = postSolution
		SolutionGuid = {D188CCB8-0033-42F6-9341-23CC480AA071}
	EndGlobalSection
EndGlobal
